// !$*UTF8*$!
{
	archiveVersion = 1;
	classes = {
	};
	objectVersion = 50;
	objects = {

/* Begin PBXBuildFile section */
		ED6D3234248E7FFD00145D73 /* AppDelegate.swift in Sources */ = {isa = PBXBuildFile; fileRef = ED6D3233248E7FFD00145D73 /* AppDelegate.swift */; };
		ED6D3236248E7FFD00145D73 /* SceneDelegate.swift in Sources */ = {isa = PBXBuildFile; fileRef = ED6D3235248E7FFD00145D73 /* SceneDelegate.swift */; };
		ED6D323D248E800000145D73 /* Assets.xcassets in Resources */ = {isa = PBXBuildFile; fileRef = ED6D323C248E800000145D73 /* Assets.xcassets */; };
		ED6D3240248E800000145D73 /* LaunchScreen.storyboard in Resources */ = {isa = PBXBuildFile; fileRef = ED6D323E248E800000145D73 /* LaunchScreen.storyboard */; };
		ED6D324A248E8A9200145D73 /* SearchVC.swift in Sources */ = {isa = PBXBuildFile; fileRef = ED6D3249248E8A9200145D73 /* SearchVC.swift */; };
		ED6D324C248E8C1D00145D73 /* FavoritesListVC.swift in Sources */ = {isa = PBXBuildFile; fileRef = ED6D324B248E8C1D00145D73 /* FavoritesListVC.swift */; };
		ED6D324E248F79FF00145D73 /* GFButton.swift in Sources */ = {isa = PBXBuildFile; fileRef = ED6D324D248F79FF00145D73 /* GFButton.swift */; };
		ED6D3250248F7E3300145D73 /* GFTextField.swift in Sources */ = {isa = PBXBuildFile; fileRef = ED6D324F248F7E3300145D73 /* GFTextField.swift */; };
		ED6D3252248F9D5A00145D73 /* FollowerListVC.swift in Sources */ = {isa = PBXBuildFile; fileRef = ED6D3251248F9D5A00145D73 /* FollowerListVC.swift */; };
		ED6D3254248FC66400145D73 /* GFTitleLabel.swift in Sources */ = {isa = PBXBuildFile; fileRef = ED6D3253248FC66400145D73 /* GFTitleLabel.swift */; };
		ED6D3256248FC85700145D73 /* GFBodyLabel.swift in Sources */ = {isa = PBXBuildFile; fileRef = ED6D3255248FC85700145D73 /* GFBodyLabel.swift */; };
		ED6D3258248FC93B00145D73 /* GFAlertVC.swift in Sources */ = {isa = PBXBuildFile; fileRef = ED6D3257248FC93B00145D73 /* GFAlertVC.swift */; };
		ED6D325A248FCFD700145D73 /* UIViewController+Ext.swift in Sources */ = {isa = PBXBuildFile; fileRef = ED6D3259248FCFD700145D73 /* UIViewController+Ext.swift */; };
/* End PBXBuildFile section */

/* Begin PBXFileReference section */
		ED6D3230248E7FFD00145D73 /* GHFollowers.app */ = {isa = PBXFileReference; explicitFileType = wrapper.application; includeInIndex = 0; path = GHFollowers.app; sourceTree = BUILT_PRODUCTS_DIR; };
		ED6D3233248E7FFD00145D73 /* AppDelegate.swift */ = {isa = PBXFileReference; lastKnownFileType = sourcecode.swift; path = AppDelegate.swift; sourceTree = "<group>"; };
		ED6D3235248E7FFD00145D73 /* SceneDelegate.swift */ = {isa = PBXFileReference; lastKnownFileType = sourcecode.swift; path = SceneDelegate.swift; sourceTree = "<group>"; };
		ED6D323C248E800000145D73 /* Assets.xcassets */ = {isa = PBXFileReference; lastKnownFileType = folder.assetcatalog; path = Assets.xcassets; sourceTree = "<group>"; };
		ED6D323F248E800000145D73 /* Base */ = {isa = PBXFileReference; lastKnownFileType = file.storyboard; name = Base; path = Base.lproj/LaunchScreen.storyboard; sourceTree = "<group>"; };
		ED6D3241248E800000145D73 /* Info.plist */ = {isa = PBXFileReference; lastKnownFileType = text.plist.xml; path = Info.plist; sourceTree = "<group>"; };
		ED6D3249248E8A9200145D73 /* SearchVC.swift */ = {isa = PBXFileReference; lastKnownFileType = sourcecode.swift; path = SearchVC.swift; sourceTree = "<group>"; };
		ED6D324B248E8C1D00145D73 /* FavoritesListVC.swift */ = {isa = PBXFileReference; lastKnownFileType = sourcecode.swift; path = FavoritesListVC.swift; sourceTree = "<group>"; };
		ED6D324D248F79FF00145D73 /* GFButton.swift */ = {isa = PBXFileReference; lastKnownFileType = sourcecode.swift; path = GFButton.swift; sourceTree = "<group>"; };
		ED6D324F248F7E3300145D73 /* GFTextField.swift */ = {isa = PBXFileReference; lastKnownFileType = sourcecode.swift; path = GFTextField.swift; sourceTree = "<group>"; };
		ED6D3251248F9D5A00145D73 /* FollowerListVC.swift */ = {isa = PBXFileReference; lastKnownFileType = sourcecode.swift; path = FollowerListVC.swift; sourceTree = "<group>"; };
		ED6D3253248FC66400145D73 /* GFTitleLabel.swift */ = {isa = PBXFileReference; lastKnownFileType = sourcecode.swift; path = GFTitleLabel.swift; sourceTree = "<group>"; };
		ED6D3255248FC85700145D73 /* GFBodyLabel.swift */ = {isa = PBXFileReference; lastKnownFileType = sourcecode.swift; path = GFBodyLabel.swift; sourceTree = "<group>"; };
		ED6D3257248FC93B00145D73 /* GFAlertVC.swift */ = {isa = PBXFileReference; lastKnownFileType = sourcecode.swift; path = GFAlertVC.swift; sourceTree = "<group>"; };
		ED6D3259248FCFD700145D73 /* UIViewController+Ext.swift */ = {isa = PBXFileReference; lastKnownFileType = sourcecode.swift; path = "UIViewController+Ext.swift"; sourceTree = "<group>"; };
/* End PBXFileReference section */

/* Begin PBXFrameworksBuildPhase section */
		ED6D322D248E7FFD00145D73 /* Frameworks */ = {
			isa = PBXFrameworksBuildPhase;
			buildActionMask = 2147483647;
			files = (
			);
			runOnlyForDeploymentPostprocessing = 0;
		};
/* End PBXFrameworksBuildPhase section */

/* Begin PBXGroup section */
		ED6D3227248E7FFD00145D73 = {
			isa = PBXGroup;
			children = (
				ED6D3232248E7FFD00145D73 /* GHFollowers */,
				ED6D3231248E7FFD00145D73 /* Products */,
			);
			sourceTree = "<group>";
		};
		ED6D3231248E7FFD00145D73 /* Products */ = {
			isa = PBXGroup;
			children = (
				ED6D3230248E7FFD00145D73 /* GHFollowers.app */,
			);
			name = Products;
			sourceTree = "<group>";
		};
		ED6D3232248E7FFD00145D73 /* GHFollowers */ = {
			isa = PBXGroup;
			children = (
				ED6D325D248FDF2600145D73 /* Extensions */,
				ED6D325C248FDED900145D73 /* Custom Views */,
				ED6D325B248FDE2600145D73 /* Screens */,
				ED6D325E248FE06900145D73 /* Support */,
				ED6D3241248E800000145D73 /* Info.plist */,
			);
			path = GHFollowers;
			sourceTree = "<group>";
		};
		ED6D325B248FDE2600145D73 /* Screens */ = {
			isa = PBXGroup;
			children = (
				ED6D3249248E8A9200145D73 /* SearchVC.swift */,
				ED6D3251248F9D5A00145D73 /* FollowerListVC.swift */,
				ED6D324B248E8C1D00145D73 /* FavoritesListVC.swift */,
			);
			path = Screens;
			sourceTree = "<group>";
		};
		ED6D325C248FDED900145D73 /* Custom Views */ = {
			isa = PBXGroup;
			children = (
				ED6D324D248F79FF00145D73 /* GFButton.swift */,
				ED6D324F248F7E3300145D73 /* GFTextField.swift */,
				ED6D3253248FC66400145D73 /* GFTitleLabel.swift */,
				ED6D3255248FC85700145D73 /* GFBodyLabel.swift */,
				ED6D3257248FC93B00145D73 /* GFAlertVC.swift */,
			);
			path = "Custom Views";
			sourceTree = "<group>";
		};
		ED6D325D248FDF2600145D73 /* Extensions */ = {
			isa = PBXGroup;
			children = (
				ED6D3259248FCFD700145D73 /* UIViewController+Ext.swift */,
			);
			path = Extensions;
			sourceTree = "<group>";
		};
		ED6D325E248FE06900145D73 /* Support */ = {
			isa = PBXGroup;
			children = (
				ED6D3233248E7FFD00145D73 /* AppDelegate.swift */,
				ED6D3235248E7FFD00145D73 /* SceneDelegate.swift */,
				ED6D323C248E800000145D73 /* Assets.xcassets */,
				ED6D323E248E800000145D73 /* LaunchScreen.storyboard */,
			);
			path = Support;
			sourceTree = "<group>";
		};
/* End PBXGroup section */

/* Begin PBXNativeTarget section */
		ED6D322F248E7FFD00145D73 /* GHFollowers */ = {
			isa = PBXNativeTarget;
			buildConfigurationList = ED6D3244248E800000145D73 /* Build configuration list for PBXNativeTarget "GHFollowers" */;
			buildPhases = (
				ED6D322C248E7FFD00145D73 /* Sources */,
				ED6D322D248E7FFD00145D73 /* Frameworks */,
				ED6D322E248E7FFD00145D73 /* Resources */,
			);
			buildRules = (
			);
			dependencies = (
			);
			name = GHFollowers;
			productName = GHFollowers;
			productReference = ED6D3230248E7FFD00145D73 /* GHFollowers.app */;
			productType = "com.apple.product-type.application";
		};
/* End PBXNativeTarget section */

/* Begin PBXProject section */
		ED6D3228248E7FFD00145D73 /* Project object */ = {
			isa = PBXProject;
			attributes = {
				LastSwiftUpdateCheck = 1150;
				LastUpgradeCheck = 1150;
				ORGANIZATIONNAME = "Óscar García";
				TargetAttributes = {
					ED6D322F248E7FFD00145D73 = {
						CreatedOnToolsVersion = 11.5;
					};
				};
			};
			buildConfigurationList = ED6D322B248E7FFD00145D73 /* Build configuration list for PBXProject "GHFollowers" */;
			compatibilityVersion = "Xcode 9.3";
			developmentRegion = en;
			hasScannedForEncodings = 0;
			knownRegions = (
				en,
				Base,
			);
			mainGroup = ED6D3227248E7FFD00145D73;
			productRefGroup = ED6D3231248E7FFD00145D73 /* Products */;
			projectDirPath = "";
			projectRoot = "";
			targets = (
				ED6D322F248E7FFD00145D73 /* GHFollowers */,
			);
		};
/* End PBXProject section */

/* Begin PBXResourcesBuildPhase section */
		ED6D322E248E7FFD00145D73 /* Resources */ = {
			isa = PBXResourcesBuildPhase;
			buildActionMask = 2147483647;
			files = (
				ED6D3240248E800000145D73 /* LaunchScreen.storyboard in Resources */,
				ED6D323D248E800000145D73 /* Assets.xcassets in Resources */,
			);
			runOnlyForDeploymentPostprocessing = 0;
		};
/* End PBXResourcesBuildPhase section */

/* Begin PBXSourcesBuildPhase section */
		ED6D322C248E7FFD00145D73 /* Sources */ = {
			isa = PBXSourcesBuildPhase;
			buildActionMask = 2147483647;
			files = (
				ED6D3250248F7E3300145D73 /* GFTextField.swift in Sources */,
				ED6D324C248E8C1D00145D73 /* FavoritesListVC.swift in Sources */,
				ED6D324E248F79FF00145D73 /* GFButton.swift in Sources */,
				ED6D325A248FCFD700145D73 /* UIViewController+Ext.swift in Sources */,
				ED6D3258248FC93B00145D73 /* GFAlertVC.swift in Sources */,
				ED6D324A248E8A9200145D73 /* SearchVC.swift in Sources */,
				ED6D3256248FC85700145D73 /* GFBodyLabel.swift in Sources */,
				ED6D3254248FC66400145D73 /* GFTitleLabel.swift in Sources */,
				ED6D3252248F9D5A00145D73 /* FollowerListVC.swift in Sources */,
				ED6D3234248E7FFD00145D73 /* AppDelegate.swift in Sources */,
				ED6D3236248E7FFD00145D73 /* SceneDelegate.swift in Sources */,
			);
			runOnlyForDeploymentPostprocessing = 0;
		};
/* End PBXSourcesBuildPhase section */

/* Begin PBXVariantGroup section */
		ED6D323E248E800000145D73 /* LaunchScreen.storyboard */ = {
			isa = PBXVariantGroup;
			children = (
				ED6D323F248E800000145D73 /* Base */,
			);
			name = LaunchScreen.storyboard;
			sourceTree = "<group>";
		};
/* End PBXVariantGroup section */

/* Begin XCBuildConfiguration section */
		ED6D3242248E800000145D73 /* Debug */ = {
			isa = XCBuildConfiguration;
			buildSettings = {
				ALWAYS_SEARCH_USER_PATHS = NO;
				CLANG_ANALYZER_NONNULL = YES;
				CLANG_ANALYZER_NUMBER_OBJECT_CONVERSION = YES_AGGRESSIVE;
				CLANG_CXX_LANGUAGE_STANDARD = "gnu++14";
				CLANG_CXX_LIBRARY = "libc++";
				CLANG_ENABLE_MODULES = YES;
				CLANG_ENABLE_OBJC_ARC = YES;
				CLANG_ENABLE_OBJC_WEAK = YES;
				CLANG_WARN_BLOCK_CAPTURE_AUTORELEASING = YES;
				CLANG_WARN_BOOL_CONVERSION = YES;
				CLANG_WARN_COMMA = YES;
				CLANG_WARN_CONSTANT_CONVERSION = YES;
				CLANG_WARN_DEPRECATED_OBJC_IMPLEMENTATIONS = YES;
				CLANG_WARN_DIRECT_OBJC_ISA_USAGE = YES_ERROR;
				CLANG_WARN_DOCUMENTATION_COMMENTS = YES;
				CLANG_WARN_EMPTY_BODY = YES;
				CLANG_WARN_ENUM_CONVERSION = YES;
				CLANG_WARN_INFINITE_RECURSION = YES;
				CLANG_WARN_INT_CONVERSION = YES;
				CLANG_WARN_NON_LITERAL_NULL_CONVERSION = YES;
				CLANG_WARN_OBJC_IMPLICIT_RETAIN_SELF = YES;
				CLANG_WARN_OBJC_LITERAL_CONVERSION = YES;
				CLANG_WARN_OBJC_ROOT_CLASS = YES_ERROR;
				CLANG_WARN_RANGE_LOOP_ANALYSIS = YES;
				CLANG_WARN_STRICT_PROTOTYPES = YES;
				CLANG_WARN_SUSPICIOUS_MOVE = YES;
				CLANG_WARN_UNGUARDED_AVAILABILITY = YES_AGGRESSIVE;
				CLANG_WARN_UNREACHABLE_CODE = YES;
				CLANG_WARN__DUPLICATE_METHOD_MATCH = YES;
				COPY_PHASE_STRIP = NO;
				DEBUG_INFORMATION_FORMAT = dwarf;
				ENABLE_STRICT_OBJC_MSGSEND = YES;
				ENABLE_TESTABILITY = YES;
				GCC_C_LANGUAGE_STANDARD = gnu11;
				GCC_DYNAMIC_NO_PIC = NO;
				GCC_NO_COMMON_BLOCKS = YES;
				GCC_OPTIMIZATION_LEVEL = 0;
				GCC_PREPROCESSOR_DEFINITIONS = (
					"DEBUG=1",
					"$(inherited)",
				);
				GCC_WARN_64_TO_32_BIT_CONVERSION = YES;
				GCC_WARN_ABOUT_RETURN_TYPE = YES_ERROR;
				GCC_WARN_UNDECLARED_SELECTOR = YES;
				GCC_WARN_UNINITIALIZED_AUTOS = YES_AGGRESSIVE;
				GCC_WARN_UNUSED_FUNCTION = YES;
				GCC_WARN_UNUSED_VARIABLE = YES;
				IPHONEOS_DEPLOYMENT_TARGET = 13.5;
				MTL_ENABLE_DEBUG_INFO = INCLUDE_SOURCE;
				MTL_FAST_MATH = YES;
				ONLY_ACTIVE_ARCH = YES;
				SDKROOT = iphoneos;
				SWIFT_ACTIVE_COMPILATION_CONDITIONS = DEBUG;
				SWIFT_OPTIMIZATION_LEVEL = "-Onone";
			};
			name = Debug;
		};
		ED6D3243248E800000145D73 /* Release */ = {
			isa = XCBuildConfiguration;
			buildSettings = {
				ALWAYS_SEARCH_USER_PATHS = NO;
				CLANG_ANALYZER_NONNULL = YES;
				CLANG_ANALYZER_NUMBER_OBJECT_CONVERSION = YES_AGGRESSIVE;
				CLANG_CXX_LANGUAGE_STANDARD = "gnu++14";
				CLANG_CXX_LIBRARY = "libc++";
				CLANG_ENABLE_MODULES = YES;
				CLANG_ENABLE_OBJC_ARC = YES;
				CLANG_ENABLE_OBJC_WEAK = YES;
				CLANG_WARN_BLOCK_CAPTURE_AUTORELEASING = YES;
				CLANG_WARN_BOOL_CONVERSION = YES;
				CLANG_WARN_COMMA = YES;
				CLANG_WARN_CONSTANT_CONVERSION = YES;
				CLANG_WARN_DEPRECATED_OBJC_IMPLEMENTATIONS = YES;
				CLANG_WARN_DIRECT_OBJC_ISA_USAGE = YES_ERROR;
				CLANG_WARN_DOCUMENTATION_COMMENTS = YES;
				CLANG_WARN_EMPTY_BODY = YES;
				CLANG_WARN_ENUM_CONVERSION = YES;
				CLANG_WARN_INFINITE_RECURSION = YES;
				CLANG_WARN_INT_CONVERSION = YES;
				CLANG_WARN_NON_LITERAL_NULL_CONVERSION = YES;
				CLANG_WARN_OBJC_IMPLICIT_RETAIN_SELF = YES;
				CLANG_WARN_OBJC_LITERAL_CONVERSION = YES;
				CLANG_WARN_OBJC_ROOT_CLASS = YES_ERROR;
				CLANG_WARN_RANGE_LOOP_ANALYSIS = YES;
				CLANG_WARN_STRICT_PROTOTYPES = YES;
				CLANG_WARN_SUSPICIOUS_MOVE = YES;
				CLANG_WARN_UNGUARDED_AVAILABILITY = YES_AGGRESSIVE;
				CLANG_WARN_UNREACHABLE_CODE = YES;
				CLANG_WARN__DUPLICATE_METHOD_MATCH = YES;
				COPY_PHASE_STRIP = NO;
				DEBUG_INFORMATION_FORMAT = "dwarf-with-dsym";
				ENABLE_NS_ASSERTIONS = NO;
				ENABLE_STRICT_OBJC_MSGSEND = YES;
				GCC_C_LANGUAGE_STANDARD = gnu11;
				GCC_NO_COMMON_BLOCKS = YES;
				GCC_WARN_64_TO_32_BIT_CONVERSION = YES;
				GCC_WARN_ABOUT_RETURN_TYPE = YES_ERROR;
				GCC_WARN_UNDECLARED_SELECTOR = YES;
				GCC_WARN_UNINITIALIZED_AUTOS = YES_AGGRESSIVE;
				GCC_WARN_UNUSED_FUNCTION = YES;
				GCC_WARN_UNUSED_VARIABLE = YES;
				IPHONEOS_DEPLOYMENT_TARGET = 13.5;
				MTL_ENABLE_DEBUG_INFO = NO;
				MTL_FAST_MATH = YES;
				SDKROOT = iphoneos;
				SWIFT_COMPILATION_MODE = wholemodule;
				SWIFT_OPTIMIZATION_LEVEL = "-O";
				VALIDATE_PRODUCT = YES;
			};
			name = Release;
		};
		ED6D3245248E800000145D73 /* Debug */ = {
			isa = XCBuildConfiguration;
			buildSettings = {
				ASSETCATALOG_COMPILER_APPICON_NAME = AppIcon;
				CODE_SIGN_STYLE = Automatic;
				DEVELOPMENT_TEAM = D9AY7PP6QL;
				INFOPLIST_FILE = GHFollowers/Info.plist;
				LD_RUNPATH_SEARCH_PATHS = (
					"$(inherited)",
					"@executable_path/Frameworks",
				);
				PRODUCT_BUNDLE_IDENTIFIER = com.app.ArEW8w.GHFollowers;
				PRODUCT_NAME = "$(TARGET_NAME)";
				SWIFT_VERSION = 5.0;
				TARGETED_DEVICE_FAMILY = 1;
			};
			name = Debug;
		};
		ED6D3246248E800000145D73 /* Release */ = {
			isa = XCBuildConfiguration;
			buildSettings = {
				ASSETCATALOG_COMPILER_APPICON_NAME = AppIcon;
				CODE_SIGN_STYLE = Automatic;
				DEVELOPMENT_TEAM = D9AY7PP6QL;
				INFOPLIST_FILE = GHFollowers/Info.plist;
				LD_RUNPATH_SEARCH_PATHS = (
					"$(inherited)",
					"@executable_path/Frameworks",
				);
				PRODUCT_BUNDLE_IDENTIFIER = com.app.ArEW8w.GHFollowers;
				PRODUCT_NAME = "$(TARGET_NAME)";
				SWIFT_VERSION = 5.0;
				TARGETED_DEVICE_FAMILY = 1;
			};
			name = Release;
		};
/* End XCBuildConfiguration section */

/* Begin XCConfigurationList section */
		ED6D322B248E7FFD00145D73 /* Build configuration list for PBXProject "GHFollowers" */ = {
			isa = XCConfigurationList;
			buildConfigurations = (
				ED6D3242248E800000145D73 /* Debug */,
				ED6D3243248E800000145D73 /* Release */,
			);
			defaultConfigurationIsVisible = 0;
			defaultConfigurationName = Release;
		};
		ED6D3244248E800000145D73 /* Build configuration list for PBXNativeTarget "GHFollowers" */ = {
			isa = XCConfigurationList;
			buildConfigurations = (
				ED6D3245248E800000145D73 /* Debug */,
				ED6D3246248E800000145D73 /* Release */,
			);
			defaultConfigurationIsVisible = 0;
			defaultConfigurationName = Release;
		};
/* End XCConfigurationList section */
	};
	rootObject = ED6D3228248E7FFD00145D73 /* Project object */;
}
